
Microsoft Visual Studio Solution File, Format Version 10.00
# Visual Studio 2008
Project("{F14B399A-7131-4C87-9E4B-1186C45EF12D}") = "SQLPSX", "SQLPSX\SQLPSX.rptproj", "{A50ED531-0F73-4BFE-9368-F14C0C0A0132}"
EndProject
Global
	GlobalSection(SolutionConfigurationPlatforms) = preSolution
		Debug|Default = Debug|Default
		DebugLocal|Default = DebugLocal|Default
		Production|Default = Production|Default
	EndGlobalSection
	GlobalSection(ProjectConfigurationPlatforms) = postSolution
		{A50ED531-0F73-4BFE-9368-F14C0C0A0132}.Debug|Default.ActiveCfg = Debug
		{A50ED531-0F73-4BFE-9368-F14C0C0A0132}.Debug|Default.Build.0 = DebugLocal
		{A50ED531-0F73-4BFE-9368-F14C0C0A0132}.Debug|Default.Deploy.0 = DebugLocal
		{A50ED531-0F73-4BFE-9368-F14C0C0A0132}.DebugLocal|Default.ActiveCfg = DebugLocal
		{A50ED531-0F73-4BFE-9368-F14C0C0A0132}.DebugLocal|Default.Build.0 = DebugLocal
		{A50ED531-0F73-4BFE-9368-F14C0C0A0132}.Production|Default.ActiveCfg = Production
		{A50ED531-0F73-4BFE-9368-F14C0C0A0132}.Production|Default.Build.0 = Production
		{A50ED531-0F73-4BFE-9368-F14C0C0A0132}.Production|Default.Deploy.0 = Production
	EndGlobalSection
	GlobalSection(SolutionProperties) = preSolution
		HideSolutionNode = FALSE
	EndGlobalSection
EndGlobal
